
Microsoft Visual Studio Solution File, Format Version 12.00
# Visual Studio Version 17
VisualStudioVersion = 17.10.35013.160
MinimumVisualStudioVersion = 10.0.40219.1
Project("{9092AA53-FB77-4645-B42D-1CCCA6BD08BD}") = "slidely-backend", "slidely-backend.njsproj", "{AEDE8DA4-E79C-42FF-BF8D-60AD32987F61}"
EndProject
Global
	GlobalSection(SolutionConfigurationPlatforms) = preSolution
		Debug|Any CPU = Debug|Any CPU
		Release|Any CPU = Release|Any CPU
	EndGlobalSection
	GlobalSection(ProjectConfigurationPlatforms) = postSolution
		{AEDE8DA4-E79C-42FF-BF8D-60AD32987F61}.Debug|Any CPU.ActiveCfg = Debug|Any CPU
		{AEDE8DA4-E79C-42FF-BF8D-60AD32987F61}.Debug|Any CPU.Build.0 = Debug|Any CPU
		{AEDE8DA4-E79C-42FF-BF8D-60AD32987F61}.Release|Any CPU.ActiveCfg = Release|Any CPU
		{AEDE8DA4-E79C-42FF-BF8D-60AD32987F61}.Release|Any CPU.Build.0 = Release|Any CPU
	EndGlobalSection
	GlobalSection(SolutionProperties) = preSolution
		HideSolutionNode = FALSE
	EndGlobalSection
	GlobalSection(ExtensibilityGlobals) = postSolution
		SolutionGuid = {FB767177-3B24-4CA3-9727-17AC8D0FE086}
	EndGlobalSection
EndGlobal
